
Microsoft Visual Studio Solution File, Format Version 12.00
# Visual Studio Version 16
VisualStudioVersion = 16.0.31321.278
MinimumVisualStudioVersion = 10.0.40219.1
Project("{FAE04EC0-301F-11D3-BF4B-00C04F79EFBC}") = "TC6", "TC6\TC6.csproj", "{621331B6-70EE-45D3-BF39-ABC0E71234B1}"
EndProject
Project("{2150E333-8FDC-42A3-9474-1A3956D46DE8}") = "Solution Items", "Solution Items", "{9E4481FA-425A-444B-A9F1-C644B656BFFE}"
EndProject
Global
	GlobalSection(SolutionConfigurationPlatforms) = preSolution
		Debug|Any CPU = Debug|Any CPU
		Release|Any CPU = Release|Any CPU
	EndGlobalSection
	GlobalSection(ProjectConfigurationPlatforms) = postSolution
		{621331B6-70EE-45D3-BF39-ABC0E71234B1}.Debug|Any CPU.ActiveCfg = Debug|Any CPU
		{621331B6-70EE-45D3-BF39-ABC0E71234B1}.Debug|Any CPU.Build.0 = Debug|Any CPU
		{621331B6-70EE-45D3-BF39-ABC0E71234B1}.Release|Any CPU.ActiveCfg = Release|Any CPU
		{621331B6-70EE-45D3-BF39-ABC0E71234B1}.Release|Any CPU.Build.0 = Release|Any CPU
	EndGlobalSection
	GlobalSection(SolutionProperties) = preSolution
		HideSolutionNode = FALSE
	EndGlobalSection
	GlobalSection(ExtensibilityGlobals) = postSolution
		SolutionGuid = {EA71D9FB-5677-4148-BE9A-6621650AD972}
	EndGlobalSection
EndGlobal
